PODS:
  - Alamofire (5.8.1)
  - Kingfisher (7.10.1)
  - PureLayout (3.1.9)

DEPENDENCIES:
  - Alamofire
  - Kingfisher
  - PureLayout

SPEC REPOS:
  trunk:
    - Alamofire
    - Kingfisher
    - PureLayout

SPEC CHECKSUMS:
  Alamofire: 3ca42e259043ee0dc5c0cdd76c4bc568b8e42af7
  Kingfisher: bc5abe80a8e0144537ef1dd5a0b2621b04f7f439
  PureLayout: 5fb5e5429519627d60d079ccb1eaa7265ce7cf88

PODFILE CHECKSUM: accabb2616163a898732ec2fa97e9b782d8d16c7

COCOAPODS: 1.11.3
